
Microsoft Visual Studio Solution File, Format Version 12.00
# Visual Studio Version 16
VisualStudioVersion = 16.0.31005.135
MinimumVisualStudioVersion = 10.0.40219.1
Project("{FAE04EC0-301F-11D3-BF4B-00C04F79EFBC}") = "Lightning", "Lightning.csproj", "{AC38F47C-2B97-4E3C-B511-C72B3D93F0C9}"
EndProject
Global
	GlobalSection(SolutionConfigurationPlatforms) = preSolution
		Debug|Any CPU = Debug|Any CPU
		Release|Any CPU = Release|Any CPU
	EndGlobalSection
	GlobalSection(ProjectConfigurationPlatforms) = postSolution
		{AC38F47C-2B97-4E3C-B511-C72B3D93F0C9}.Debug|Any CPU.ActiveCfg = Debug|Any CPU
		{AC38F47C-2B97-4E3C-B511-C72B3D93F0C9}.Debug|Any CPU.Build.0 = Debug|Any CPU
		{AC38F47C-2B97-4E3C-B511-C72B3D93F0C9}.Release|Any CPU.ActiveCfg = Release|Any CPU
		{AC38F47C-2B97-4E3C-B511-C72B3D93F0C9}.Release|Any CPU.Build.0 = Release|Any CPU
	EndGlobalSection
	GlobalSection(SolutionProperties) = preSolution
		HideSolutionNode = FALSE
	EndGlobalSection
	GlobalSection(ExtensibilityGlobals) = postSolution
		SolutionGuid = {4232C220-A9CB-4BD2-A350-4D82A450CBA8}
	EndGlobalSection
EndGlobal
